Microsoft Visual Studio Solution File, Format Version 9.00
# Visual Studio 2005
Project("{5B83D66A-3198-4D72-BCE8-92CBF63069AF}") = "recvMsgComp", "recvMsgComp_vc8.vcproj", "{C79F99E6-C838-43B2-8DAD-2EF6FE6AF2D4}"
	ProjectSection(ProjectDependencies) = postProject
	EndProjectSection
EndProject
Project("{5B83D66A-3198-4D72-BCE8-92CBF63069AF}") = "recvMsg", "recvMsg_vc8.vcproj", "{028C8392-F05B-44D9-9961-31D10BDF7708}"
	ProjectSection(ProjectDependencies) = postProject
	EndProjectSection
EndProject
Global
	GlobalSection(SolutionConfigurationPlatforms) = preSolution
		Release|Win32 = Release|Win32
		Debug|Win32 = Debug|Win32
	EndGlobalSection
	GlobalSection(ProjectConfigurationPlatforms) = postSolution
		{C79F99E6-C838-43B2-8DAD-2EF6FE6AF2D4}.Release|Win32.ActiveCfg = Release|Win32
		{C79F99E6-C838-43B2-8DAD-2EF6FE6AF2D4}.Release|Win32.Build.0   = Release|Win32
		{C79F99E6-C838-43B2-8DAD-2EF6FE6AF2D4}.Debug|Win32.ActiveCfg = Debug|Win32
		{C79F99E6-C838-43B2-8DAD-2EF6FE6AF2D4}.Debug|Win32.Build.0   = Debug|Win32
		{028C8392-F05B-44D9-9961-31D10BDF7708}.Release|Win32.ActiveCfg = Release|Win32
		{028C8392-F05B-44D9-9961-31D10BDF7708}.Release|Win32.Build.0   = Release|Win32
		{028C8392-F05B-44D9-9961-31D10BDF7708}.Debug|Win32.ActiveCfg = Debug|Win32
		{028C8392-F05B-44D9-9961-31D10BDF7708}.Debug|Win32.Build.0   = Debug|Win32
	EndGlobalSection
	GlobalSection(SolutionProperties) = preSolution
		HideSolutionNode = FALSE
	EndGlobalSection
EndGlobal
